
Microsoft Visual Studio Solution File, Format Version 12.00
# Visual Studio Version 17
VisualStudioVersion = 17.2.32616.157
MinimumVisualStudioVersion = 10.0.40219.1
Project("{9A19103F-16F7-4668-BE54-9A1E7A4F7556}") = "WjvSocial.Api", "WjvSocial.Api\WjvSocial.Api.csproj", "{F45DDAEB-1673-487B-97DB-34CA09B5266A}"
EndProject
Project("{FAE04EC0-301F-11D3-BF4B-00C04F79EFBC}") = "WjvSocial.Domain", "WjvSocial.Domain\WjvSocial.Domain.csproj", "{8729EC2F-C658-4BBE-9388-547E7986201C}"
EndProject
Project("{FAE04EC0-301F-11D3-BF4B-00C04F79EFBC}") = "WjvSocial.Application", "WjvSocial.Application\WjvSocial.Application.csproj", "{1D97342F-8504-47A8-AF67-955664664248}"
EndProject
Project("{FAE04EC0-301F-11D3-BF4B-00C04F79EFBC}") = "WjvSocial.Dal", "WjvSocial.Dal\WjvSocial.Dal.csproj", "{6B2548CE-4C9E-40A6-9D55-00C1E5B28D72}"
EndProject
Global
	GlobalSection(SolutionConfigurationPlatforms) = preSolution
		Debug|Any CPU = Debug|Any CPU
		Release|Any CPU = Release|Any CPU
	EndGlobalSection
	GlobalSection(ProjectConfigurationPlatforms) = postSolution
		{F45DDAEB-1673-487B-97DB-34CA09B5266A}.Debug|Any CPU.ActiveCfg = Debug|Any CPU
		{F45DDAEB-1673-487B-97DB-34CA09B5266A}.Debug|Any CPU.Build.0 = Debug|Any CPU
		{F45DDAEB-1673-487B-97DB-34CA09B5266A}.Release|Any CPU.ActiveCfg = Release|Any CPU
		{F45DDAEB-1673-487B-97DB-34CA09B5266A}.Release|Any CPU.Build.0 = Release|Any CPU
		{8729EC2F-C658-4BBE-9388-547E7986201C}.Debug|Any CPU.ActiveCfg = Debug|Any CPU
		{8729EC2F-C658-4BBE-9388-547E7986201C}.Debug|Any CPU.Build.0 = Debug|Any CPU
		{8729EC2F-C658-4BBE-9388-547E7986201C}.Release|Any CPU.ActiveCfg = Release|Any CPU
		{8729EC2F-C658-4BBE-9388-547E7986201C}.Release|Any CPU.Build.0 = Release|Any CPU
		{1D97342F-8504-47A8-AF67-955664664248}.Debug|Any CPU.ActiveCfg = Debug|Any CPU
		{1D97342F-8504-47A8-AF67-955664664248}.Debug|Any CPU.Build.0 = Debug|Any CPU
		{1D97342F-8504-47A8-AF67-955664664248}.Release|Any CPU.ActiveCfg = Release|Any CPU
		{1D97342F-8504-47A8-AF67-955664664248}.Release|Any CPU.Build.0 = Release|Any CPU
		{6B2548CE-4C9E-40A6-9D55-00C1E5B28D72}.Debug|Any CPU.ActiveCfg = Debug|Any CPU
		{6B2548CE-4C9E-40A6-9D55-00C1E5B28D72}.Debug|Any CPU.Build.0 = Debug|Any CPU
		{6B2548CE-4C9E-40A6-9D55-00C1E5B28D72}.Release|Any CPU.ActiveCfg = Release|Any CPU
		{6B2548CE-4C9E-40A6-9D55-00C1E5B28D72}.Release|Any CPU.Build.0 = Release|Any CPU
	EndGlobalSection
	GlobalSection(SolutionProperties) = preSolution
		HideSolutionNode = FALSE
	EndGlobalSection
	GlobalSection(ExtensibilityGlobals) = postSolution
		SolutionGuid = {6BE067CF-466E-42EE-BA44-40D284BC605A}
	EndGlobalSection
EndGlobal
